
Microsoft Visual Studio Solution File, Format Version 12.00
# Visual Studio Version 16
VisualStudioVersion = 16.0.30204.135
MinimumVisualStudioVersion = 10.0.40219.1
Project("{FAE04EC0-301F-11D3-BF4B-00C04F79EFBC}") = "CountingSheep", "CountingSheep\CountingSheep.csproj", "{C2A8F9C1-D03B-4699-B7E7-57230B286BF4}"
EndProject
Global
	GlobalSection(SolutionConfigurationPlatforms) = preSolution
		Debug|Any CPU = Debug|Any CPU
		Release|Any CPU = Release|Any CPU
	EndGlobalSection
	GlobalSection(ProjectConfigurationPlatforms) = postSolution
		{C2A8F9C1-D03B-4699-B7E7-57230B286BF4}.Debug|Any CPU.ActiveCfg = Debug|Any CPU
		{C2A8F9C1-D03B-4699-B7E7-57230B286BF4}.Debug|Any CPU.Build.0 = Debug|Any CPU
		{C2A8F9C1-D03B-4699-B7E7-57230B286BF4}.Release|Any CPU.ActiveCfg = Release|Any CPU
		{C2A8F9C1-D03B-4699-B7E7-57230B286BF4}.Release|Any CPU.Build.0 = Release|Any CPU
	EndGlobalSection
	GlobalSection(SolutionProperties) = preSolution
		HideSolutionNode = FALSE
	EndGlobalSection
	GlobalSection(ExtensibilityGlobals) = postSolution
		SolutionGuid = {50DD7BA6-0396-4FE3-BEE4-14323CEF040F}
	EndGlobalSection
EndGlobal
