
Microsoft Visual Studio Solution File, Format Version 12.00
# Visual Studio Version 16
VisualStudioVersion = 16.0.30204.135
MinimumVisualStudioVersion = 10.0.40219.1
Project("{FAE04EC0-301F-11D3-BF4B-00C04F79EFBC}") = "CodeWars.SumOfPositive", "CodeWars.SumOfPositive\CodeWars.SumOfPositive.csproj", "{C44954C7-04A5-4646-9680-4CD6162FA122}"
EndProject
Global
	GlobalSection(SolutionConfigurationPlatforms) = preSolution
		Debug|Any CPU = Debug|Any CPU
		Release|Any CPU = Release|Any CPU
	EndGlobalSection
	GlobalSection(ProjectConfigurationPlatforms) = postSolution
		{C44954C7-04A5-4646-9680-4CD6162FA122}.Debug|Any CPU.ActiveCfg = Debug|Any CPU
		{C44954C7-04A5-4646-9680-4CD6162FA122}.Debug|Any CPU.Build.0 = Debug|Any CPU
		{C44954C7-04A5-4646-9680-4CD6162FA122}.Release|Any CPU.ActiveCfg = Release|Any CPU
		{C44954C7-04A5-4646-9680-4CD6162FA122}.Release|Any CPU.Build.0 = Release|Any CPU
	EndGlobalSection
	GlobalSection(SolutionProperties) = preSolution
		HideSolutionNode = FALSE
	EndGlobalSection
	GlobalSection(ExtensibilityGlobals) = postSolution
		SolutionGuid = {71A14A4D-45E1-4C1D-AF00-EA3222D5B1E5}
	EndGlobalSection
EndGlobal
